
Microsoft Visual Studio Solution File, Format Version 10.00
# Visual Studio 2008
Project("{FAE04EC0-301F-11D3-BF4B-00C04F79EFBC}") = "UI", "FoodStory\UI.csproj", "{95D1F9AC-CBCB-4E40-803E-0812E3F3E099}"
EndProject
Project("{FAE04EC0-301F-11D3-BF4B-00C04F79EFBC}") = "Model", "Model\Model.csproj", "{0DC07D30-122D-4EAE-8978-37D4D277204D}"
EndProject
Project("{FAE04EC0-301F-11D3-BF4B-00C04F79EFBC}") = "BLL", "BLL\BLL.csproj", "{2FF53961-9DBB-4AC4-81B7-46A4FA83E7EB}"
EndProject
Project("{FAE04EC0-301F-11D3-BF4B-00C04F79EFBC}") = "DAL", "DAL\DAL.csproj", "{44B6C434-8A33-466D-970F-55431B8F2B33}"
EndProject
Global
	GlobalSection(SolutionConfigurationPlatforms) = preSolution
		Debug|Any CPU = Debug|Any CPU
		Release|Any CPU = Release|Any CPU
	EndGlobalSection
	GlobalSection(ProjectConfigurationPlatforms) = postSolution
		{95D1F9AC-CBCB-4E40-803E-0812E3F3E099}.Debug|Any CPU.ActiveCfg = Debug|Any CPU
		{95D1F9AC-CBCB-4E40-803E-0812E3F3E099}.Debug|Any CPU.Build.0 = Debug|Any CPU
		{95D1F9AC-CBCB-4E40-803E-0812E3F3E099}.Release|Any CPU.ActiveCfg = Release|Any CPU
		{95D1F9AC-CBCB-4E40-803E-0812E3F3E099}.Release|Any CPU.Build.0 = Release|Any CPU
		{0DC07D30-122D-4EAE-8978-37D4D277204D}.Debug|Any CPU.ActiveCfg = Debug|Any CPU
		{0DC07D30-122D-4EAE-8978-37D4D277204D}.Debug|Any CPU.Build.0 = Debug|Any CPU
		{0DC07D30-122D-4EAE-8978-37D4D277204D}.Release|Any CPU.ActiveCfg = Release|Any CPU
		{0DC07D30-122D-4EAE-8978-37D4D277204D}.Release|Any CPU.Build.0 = Release|Any CPU
		{2FF53961-9DBB-4AC4-81B7-46A4FA83E7EB}.Debug|Any CPU.ActiveCfg = Debug|Any CPU
		{2FF53961-9DBB-4AC4-81B7-46A4FA83E7EB}.Debug|Any CPU.Build.0 = Debug|Any CPU
		{2FF53961-9DBB-4AC4-81B7-46A4FA83E7EB}.Release|Any CPU.ActiveCfg = Release|Any CPU
		{2FF53961-9DBB-4AC4-81B7-46A4FA83E7EB}.Release|Any CPU.Build.0 = Release|Any CPU
		{44B6C434-8A33-466D-970F-55431B8F2B33}.Debug|Any CPU.ActiveCfg = Debug|Any CPU
		{44B6C434-8A33-466D-970F-55431B8F2B33}.Debug|Any CPU.Build.0 = Debug|Any CPU
		{44B6C434-8A33-466D-970F-55431B8F2B33}.Release|Any CPU.ActiveCfg = Release|Any CPU
		{44B6C434-8A33-466D-970F-55431B8F2B33}.Release|Any CPU.Build.0 = Release|Any CPU
	EndGlobalSection
	GlobalSection(SolutionProperties) = preSolution
		HideSolutionNode = FALSE
	EndGlobalSection
EndGlobal
